
Microsoft Visual Studio Solution File, Format Version 12.00
# Visual Studio Version 17
VisualStudioVersion = 17.11.35312.102
MinimumVisualStudioVersion = 10.0.40219.1
Project("{FAE04EC0-301F-11D3-BF4B-00C04F79EFBC}") = "boruvka", "boruvka\boruvka.csproj", "{614A2BB0-8B63-478E-8400-E53B8661C14C}"
EndProject
Global
	GlobalSection(SolutionConfigurationPlatforms) = preSolution
		Debug|Any CPU = Debug|Any CPU
		Release|Any CPU = Release|Any CPU
	EndGlobalSection
	GlobalSection(ProjectConfigurationPlatforms) = postSolution
		{614A2BB0-8B63-478E-8400-E53B8661C14C}.Debug|Any CPU.ActiveCfg = Debug|Any CPU
		{614A2BB0-8B63-478E-8400-E53B8661C14C}.Debug|Any CPU.Build.0 = Debug|Any CPU
		{614A2BB0-8B63-478E-8400-E53B8661C14C}.Release|Any CPU.ActiveCfg = Release|Any CPU
		{614A2BB0-8B63-478E-8400-E53B8661C14C}.Release|Any CPU.Build.0 = Release|Any CPU
	EndGlobalSection
	GlobalSection(SolutionProperties) = preSolution
		HideSolutionNode = FALSE
	EndGlobalSection
	GlobalSection(ExtensibilityGlobals) = postSolution
		SolutionGuid = {4F838A3C-35AF-4C25-893B-57DE97989924}
	EndGlobalSection
EndGlobal
