
Microsoft Visual Studio Solution File, Format Version 12.00
# Visual Studio Version 17
VisualStudioVersion = 17.11.35312.102
MinimumVisualStudioVersion = 10.0.40219.1
Project("{FAE04EC0-301F-11D3-BF4B-00C04F79EFBC}") = "retizek_pratelstvi", "retizek_pratelstvi\retizek_pratelstvi.csproj", "{BFB9748B-0624-4B70-826B-77C1B856C27D}"
EndProject
Global
	GlobalSection(SolutionConfigurationPlatforms) = preSolution
		Debug|Any CPU = Debug|Any CPU
		Release|Any CPU = Release|Any CPU
	EndGlobalSection
	GlobalSection(ProjectConfigurationPlatforms) = postSolution
		{BFB9748B-0624-4B70-826B-77C1B856C27D}.Debug|Any CPU.ActiveCfg = Debug|Any CPU
		{BFB9748B-0624-4B70-826B-77C1B856C27D}.Debug|Any CPU.Build.0 = Debug|Any CPU
		{BFB9748B-0624-4B70-826B-77C1B856C27D}.Release|Any CPU.ActiveCfg = Release|Any CPU
		{BFB9748B-0624-4B70-826B-77C1B856C27D}.Release|Any CPU.Build.0 = Release|Any CPU
	EndGlobalSection
	GlobalSection(SolutionProperties) = preSolution
		HideSolutionNode = FALSE
	EndGlobalSection
	GlobalSection(ExtensibilityGlobals) = postSolution
		SolutionGuid = {952885C5-8FBA-49FD-A17A-53CFA9B0A3B3}
	EndGlobalSection
EndGlobal
